
Microsoft Visual Studio Solution File, Format Version 12.00
# Visual Studio Version 16
VisualStudioVersion = 16.0.29613.14
MinimumVisualStudioVersion = 10.0.40219.1
Project("{FAE04EC0-301F-11D3-BF4B-00C04F79EFBC}") = "NetCore.Common", "NetCore.Common\NetCore.Common.csproj", "{AA780E91-34FA-427B-BEF1-301490416BCF}"
EndProject
Global
	GlobalSection(SolutionConfigurationPlatforms) = preSolution
		Debug|Any CPU = Debug|Any CPU
		Release|Any CPU = Release|Any CPU
	EndGlobalSection
	GlobalSection(ProjectConfigurationPlatforms) = postSolution
		{AA780E91-34FA-427B-BEF1-301490416BCF}.Debug|Any CPU.ActiveCfg = Debug|Any CPU
		{AA780E91-34FA-427B-BEF1-301490416BCF}.Debug|Any CPU.Build.0 = Debug|Any CPU
		{AA780E91-34FA-427B-BEF1-301490416BCF}.Release|Any CPU.ActiveCfg = Release|Any CPU
		{AA780E91-34FA-427B-BEF1-301490416BCF}.Release|Any CPU.Build.0 = Release|Any CPU
	EndGlobalSection
	GlobalSection(SolutionProperties) = preSolution
		HideSolutionNode = FALSE
	EndGlobalSection
	GlobalSection(ExtensibilityGlobals) = postSolution
		SolutionGuid = {CB364106-6151-42E3-B0B0-7939B0D4F6C2}
	EndGlobalSection
EndGlobal
